
Microsoft Visual Studio Solution File, Format Version 12.00
# Visual Studio Version 16
VisualStudioVersion = 16.0.32228.343
MinimumVisualStudioVersion = 10.0.40219.1
Project("{FAE04EC0-301F-11D3-BF4B-00C04F79EFBC}") = "caso2bd", "caso2bd.csproj", "{7C12011E-CF58-4956-91BC-380E3311B1DD}"
EndProject
Global
	GlobalSection(SolutionConfigurationPlatforms) = preSolution
		Debug|Any CPU = Debug|Any CPU
		Release|Any CPU = Release|Any CPU
	EndGlobalSection
	GlobalSection(ProjectConfigurationPlatforms) = postSolution
		{7C12011E-CF58-4956-91BC-380E3311B1DD}.Debug|Any CPU.ActiveCfg = Debug|Any CPU
		{7C12011E-CF58-4956-91BC-380E3311B1DD}.Debug|Any CPU.Build.0 = Debug|Any CPU
		{7C12011E-CF58-4956-91BC-380E3311B1DD}.Release|Any CPU.ActiveCfg = Release|Any CPU
		{7C12011E-CF58-4956-91BC-380E3311B1DD}.Release|Any CPU.Build.0 = Release|Any CPU
	EndGlobalSection
	GlobalSection(SolutionProperties) = preSolution
		HideSolutionNode = FALSE
	EndGlobalSection
	GlobalSection(ExtensibilityGlobals) = postSolution
		SolutionGuid = {B15F75B3-AB4B-4E2C-A57E-87EB11F1EEF7}
	EndGlobalSection
EndGlobal
